
Microsoft Visual Studio Solution File, Format Version 12.00
# Visual Studio Version 16
VisualStudioVersion = 16.0.31129.286
MinimumVisualStudioVersion = 10.0.40219.1
Project("{FAE04EC0-301F-11D3-BF4B-00C04F79EFBC}") = "Home work 5", "Home work 5\Home work 5.csproj", "{6B99EE8D-FDBA-487F-A5D9-84A65ABE18D7}"
EndProject
Global
	GlobalSection(SolutionConfigurationPlatforms) = preSolution
		Debug|Any CPU = Debug|Any CPU
		Release|Any CPU = Release|Any CPU
	EndGlobalSection
	GlobalSection(ProjectConfigurationPlatforms) = postSolution
		{6B99EE8D-FDBA-487F-A5D9-84A65ABE18D7}.Debug|Any CPU.ActiveCfg = Debug|Any CPU
		{6B99EE8D-FDBA-487F-A5D9-84A65ABE18D7}.Debug|Any CPU.Build.0 = Debug|Any CPU
		{6B99EE8D-FDBA-487F-A5D9-84A65ABE18D7}.Release|Any CPU.ActiveCfg = Release|Any CPU
		{6B99EE8D-FDBA-487F-A5D9-84A65ABE18D7}.Release|Any CPU.Build.0 = Release|Any CPU
	EndGlobalSection
	GlobalSection(SolutionProperties) = preSolution
		HideSolutionNode = FALSE
	EndGlobalSection
	GlobalSection(ExtensibilityGlobals) = postSolution
		SolutionGuid = {8EB8AB58-0286-4F55-8530-E11212B5949D}
	EndGlobalSection
EndGlobal
