
Microsoft Visual Studio Solution File, Format Version 12.00
# Visual Studio Version 16
VisualStudioVersion = 16.0.31129.286
MinimumVisualStudioVersion = 10.0.40219.1
Project("{FAE04EC0-301F-11D3-BF4B-00C04F79EFBC}") = "Home work4", "Home work4\Home work4.csproj", "{8096C871-1077-403E-8303-680B46B2A31E}"
EndProject
Global
	GlobalSection(SolutionConfigurationPlatforms) = preSolution
		Debug|Any CPU = Debug|Any CPU
		Release|Any CPU = Release|Any CPU
	EndGlobalSection
	GlobalSection(ProjectConfigurationPlatforms) = postSolution
		{8096C871-1077-403E-8303-680B46B2A31E}.Debug|Any CPU.ActiveCfg = Debug|Any CPU
		{8096C871-1077-403E-8303-680B46B2A31E}.Debug|Any CPU.Build.0 = Debug|Any CPU
		{8096C871-1077-403E-8303-680B46B2A31E}.Release|Any CPU.ActiveCfg = Release|Any CPU
		{8096C871-1077-403E-8303-680B46B2A31E}.Release|Any CPU.Build.0 = Release|Any CPU
	EndGlobalSection
	GlobalSection(SolutionProperties) = preSolution
		HideSolutionNode = FALSE
	EndGlobalSection
	GlobalSection(ExtensibilityGlobals) = postSolution
		SolutionGuid = {CDB4877B-3608-474B-A268-0EE112BB6F16}
	EndGlobalSection
EndGlobal
