
Microsoft Visual Studio Solution File, Format Version 12.00
# Visual Studio Version 16
VisualStudioVersion = 16.0.31129.286
MinimumVisualStudioVersion = 10.0.40219.1
Project("{FAE04EC0-301F-11D3-BF4B-00C04F79EFBC}") = "Home work2", "Home work2\Home work2.csproj", "{D42182C4-5089-45DA-9716-0B1A555D547D}"
EndProject
Global
	GlobalSection(SolutionConfigurationPlatforms) = preSolution
		Debug|Any CPU = Debug|Any CPU
		Release|Any CPU = Release|Any CPU
	EndGlobalSection
	GlobalSection(ProjectConfigurationPlatforms) = postSolution
		{D42182C4-5089-45DA-9716-0B1A555D547D}.Debug|Any CPU.ActiveCfg = Debug|Any CPU
		{D42182C4-5089-45DA-9716-0B1A555D547D}.Debug|Any CPU.Build.0 = Debug|Any CPU
		{D42182C4-5089-45DA-9716-0B1A555D547D}.Release|Any CPU.ActiveCfg = Release|Any CPU
		{D42182C4-5089-45DA-9716-0B1A555D547D}.Release|Any CPU.Build.0 = Release|Any CPU
	EndGlobalSection
	GlobalSection(SolutionProperties) = preSolution
		HideSolutionNode = FALSE
	EndGlobalSection
	GlobalSection(ExtensibilityGlobals) = postSolution
		SolutionGuid = {06428C77-2A81-4860-8605-278FF56C5830}
	EndGlobalSection
EndGlobal
